
Microsoft Visual Studio Solution File, Format Version 12.00
# Visual Studio Version 17
VisualStudioVersion = 17.14.36414.22 d17.14
MinimumVisualStudioVersion = 10.0.40219.1
Project("{FAE04EC0-301F-11D3-BF4B-00C04F79EFBC}") = "Scratch.API", "Scratch.API\Scratch.API.csproj", "{CCDD5E03-E5C2-403B-9BA5-7620C1DF5D67}"
EndProject
Project("{FAE04EC0-301F-11D3-BF4B-00C04F79EFBC}") = "Scratch.Domain", "Scratch.Domain\Scratch.Domain.csproj", "{1A35176F-A097-4DCC-BE15-15F91C2A360C}"
EndProject
Project("{FAE04EC0-301F-11D3-BF4B-00C04F79EFBC}") = "Scratch.Application", "Scratch.Application\Scratch.Application.csproj", "{13B31695-C4B3-4EC9-9A77-3A303E944FDE}"
EndProject
Project("{FAE04EC0-301F-11D3-BF4B-00C04F79EFBC}") = "Scratch.Infrastructure", "Scratch.Infrastructure\Scratch.Infrastructure.csproj", "{E37D2009-A2A8-46E2-872F-61360F12B84A}"
EndProject
Global
	GlobalSection(SolutionConfigurationPlatforms) = preSolution
		Debug|Any CPU = Debug|Any CPU
		Release|Any CPU = Release|Any CPU
	EndGlobalSection
	GlobalSection(ProjectConfigurationPlatforms) = postSolution
		{CCDD5E03-E5C2-403B-9BA5-7620C1DF5D67}.Debug|Any CPU.ActiveCfg = Debug|Any CPU
		{CCDD5E03-E5C2-403B-9BA5-7620C1DF5D67}.Debug|Any CPU.Build.0 = Debug|Any CPU
		{CCDD5E03-E5C2-403B-9BA5-7620C1DF5D67}.Release|Any CPU.ActiveCfg = Release|Any CPU
		{CCDD5E03-E5C2-403B-9BA5-7620C1DF5D67}.Release|Any CPU.Build.0 = Release|Any CPU
		{1A35176F-A097-4DCC-BE15-15F91C2A360C}.Debug|Any CPU.ActiveCfg = Debug|Any CPU
		{1A35176F-A097-4DCC-BE15-15F91C2A360C}.Debug|Any CPU.Build.0 = Debug|Any CPU
		{1A35176F-A097-4DCC-BE15-15F91C2A360C}.Release|Any CPU.ActiveCfg = Release|Any CPU
		{1A35176F-A097-4DCC-BE15-15F91C2A360C}.Release|Any CPU.Build.0 = Release|Any CPU
		{13B31695-C4B3-4EC9-9A77-3A303E944FDE}.Debug|Any CPU.ActiveCfg = Debug|Any CPU
		{13B31695-C4B3-4EC9-9A77-3A303E944FDE}.Debug|Any CPU.Build.0 = Debug|Any CPU
		{13B31695-C4B3-4EC9-9A77-3A303E944FDE}.Release|Any CPU.ActiveCfg = Release|Any CPU
		{13B31695-C4B3-4EC9-9A77-3A303E944FDE}.Release|Any CPU.Build.0 = Release|Any CPU
		{E37D2009-A2A8-46E2-872F-61360F12B84A}.Debug|Any CPU.ActiveCfg = Debug|Any CPU
		{E37D2009-A2A8-46E2-872F-61360F12B84A}.Debug|Any CPU.Build.0 = Debug|Any CPU
		{E37D2009-A2A8-46E2-872F-61360F12B84A}.Release|Any CPU.ActiveCfg = Release|Any CPU
		{E37D2009-A2A8-46E2-872F-61360F12B84A}.Release|Any CPU.Build.0 = Release|Any CPU
	EndGlobalSection
	GlobalSection(SolutionProperties) = preSolution
		HideSolutionNode = FALSE
	EndGlobalSection
	GlobalSection(ExtensibilityGlobals) = postSolution
		SolutionGuid = {BF88537D-F5F0-4B5E-AE48-D417BB54B914}
	EndGlobalSection
EndGlobal
